# This file is automatically @generated by Cargo.
# It is not intended for manual editing.
version = 3

[[package]]
name = "blake2b-ref"
version = "0.3.1"
source = "registry+https://github.com/rust-lang/crates.io-index"
checksum = "294d17c72e0ba59fad763caa112368d0672083779cdebbb97164f4bb4c1e339a"

[[package]]
name = "buddy-alloc"
version = "0.5.0"
source = "registry+https://github.com/rust-lang/crates.io-index"
checksum = "c6aa666383df80e31d5e162998ed05880695bb377f2a98210978e586f006aaec"

[[package]]
name = "cc"
version = "1.0.67"
source = "registry+https://github.com/rust-lang/crates.io-index"
checksum = "e3c69b077ad434294d3ce9f1f6143a2a4b89a8a2d54ef813d85003a4fd1137fd"

[[package]]
name = "cfg-if"
version = "1.0.0"
source = "registry+https://github.com/rust-lang/crates.io-index"
checksum = "baf1de4339761588bc0619e3cbc0120ee582ebb74b53b4efbf79117bd2da40fd"

[[package]]
name = "ckb-gen-types"
version = "0.112.1"
source = "registry+https://github.com/rust-lang/crates.io-index"
checksum = "4a12020d50dd3757cde0fdc88d3837b7a2ab503fe38bd11be86ddace11318c77"
dependencies = [
 "cfg-if",
 "ckb-hash",
 "molecule",
]

[[package]]
name = "ckb-hash"
version = "0.112.1"
source = "registry+https://github.com/rust-lang/crates.io-index"
checksum = "25af660fc8746f7c756444e6aa47ede9a874206563b6a1ce1b230a5b86519392"
dependencies = [
 "blake2b-ref",
]

[[package]]
name = "ckb-std"
version = "0.15.3"
source = "registry+https://github.com/rust-lang/crates.io-index"
checksum = "9357d9464ed36a8e542a7d588e894aff25ccb0cdd66221ac94e76bc69ca3ad55"
dependencies = [
 "buddy-alloc",
 "cc",
 "ckb-gen-types",
 "gcd",
]

[[package]]
name = "gcd"
version = "2.3.0"
source = "registry+https://github.com/rust-lang/crates.io-index"
checksum = "1d758ba1b47b00caf47f24925c0074ecb20d6dfcffe7f6d53395c0465674841a"

[[package]]
name = "molecule"
version = "0.7.5"
source = "registry+https://github.com/rust-lang/crates.io-index"
checksum = "d4fd9767ab5e5f2ea40f71ff4c8bdb633c50509052e093c2fdd0e390a749dfa3"
dependencies = [
 "cfg-if",
]

[[package]]
name = "test-contract"
version = "0.1.0"
dependencies = [
 "ckb-std",
]
